
Microsoft Visual Studio Solution File, Format Version 12.00
Project("{FAE04EC0-301F-11D3-BF4B-00C04F79EFBC}") = "Test", "Test\Test.csproj", "{EDCC573E-3D48-4626-BDD8-93FC820F5AAB}"
EndProject
Global
	GlobalSection(SolutionConfigurationPlatforms) = preSolution
		Debug|Any CPU = Debug|Any CPU
		Release|Any CPU = Release|Any CPU
	EndGlobalSection
	GlobalSection(ProjectConfigurationPlatforms) = postSolution
		{EDCC573E-3D48-4626-BDD8-93FC820F5AAB}.Debug|Any CPU.ActiveCfg = Debug|Any CPU
		{EDCC573E-3D48-4626-BDD8-93FC820F5AAB}.Debug|Any CPU.Build.0 = Debug|Any CPU
		{EDCC573E-3D48-4626-BDD8-93FC820F5AAB}.Release|Any CPU.ActiveCfg = Release|Any CPU
		{EDCC573E-3D48-4626-BDD8-93FC820F5AAB}.Release|Any CPU.Build.0 = Release|Any CPU
	EndGlobalSection
EndGlobal
